// !$*UTF8*$!
{
	archiveVersion = 1;
	classes = {
	};
	objectVersion = 52;
	objects = {

/* Begin PBXBuildFile section */
		2B4A66AE2572544200569032 /* LoginViewController.swift in Sources */ = {isa = PBXBuildFile; fileRef = 2B4A66AD2572544200569032 /* LoginViewController.swift */; };
		2B4A66B32572545600569032 /* LoginViewModel.swift in Sources */ = {isa = PBXBuildFile; fileRef = 2B4A66B22572545600569032 /* LoginViewModel.swift */; };
		2B4E30912572427D0032EB25 /* AppDelegate.swift in Sources */ = {isa = PBXBuildFile; fileRef = 2B4E30902572427D0032EB25 /* AppDelegate.swift */; };
		2B4E30932572427D0032EB25 /* SceneDelegate.swift in Sources */ = {isa = PBXBuildFile; fileRef = 2B4E30922572427D0032EB25 /* SceneDelegate.swift */; };
		2B4E30952572427D0032EB25 /* ViewController.swift in Sources */ = {isa = PBXBuildFile; fileRef = 2B4E30942572427D0032EB25 /* ViewController.swift */; };
		2B4E30982572427D0032EB25 /* Main.storyboard in Resources */ = {isa = PBXBuildFile; fileRef = 2B4E30962572427D0032EB25 /* Main.storyboard */; };
		2B4E309A257242820032EB25 /* Assets.xcassets in Resources */ = {isa = PBXBuildFile; fileRef = 2B4E3099257242820032EB25 /* Assets.xcassets */; };
		2B4E309D257242820032EB25 /* LaunchScreen.storyboard in Resources */ = {isa = PBXBuildFile; fileRef = 2B4E309B257242820032EB25 /* LaunchScreen.storyboard */; };
		2B4E30AA257244D80032EB25 /* ReactiveSwift in Frameworks */ = {isa = PBXBuildFile; productRef = 2B4E30A9257244D80032EB25 /* ReactiveSwift */; };
/* End PBXBuildFile section */

/* Begin PBXFileReference section */
		2B4A66AD2572544200569032 /* LoginViewController.swift */ = {isa = PBXFileReference; lastKnownFileType = sourcecode.swift; path = LoginViewController.swift; sourceTree = "<group>"; };
		2B4A66B22572545600569032 /* LoginViewModel.swift */ = {isa = PBXFileReference; lastKnownFileType = sourcecode.swift; path = LoginViewModel.swift; sourceTree = "<group>"; };
		2B4E308D2572427D0032EB25 /* ReactiveSwift-Sample.app */ = {isa = PBXFileReference; explicitFileType = wrapper.application; includeInIndex = 0; path = "ReactiveSwift-Sample.app"; sourceTree = BUILT_PRODUCTS_DIR; };
		2B4E30902572427D0032EB25 /* AppDelegate.swift */ = {isa = PBXFileReference; lastKnownFileType = sourcecode.swift; path = AppDelegate.swift; sourceTree = "<group>"; };
		2B4E30922572427D0032EB25 /* SceneDelegate.swift */ = {isa = PBXFileReference; lastKnownFileType = sourcecode.swift; path = SceneDelegate.swift; sourceTree = "<group>"; };
		2B4E30942572427D0032EB25 /* ViewController.swift */ = {isa = PBXFileReference; lastKnownFileType = sourcecode.swift; path = ViewController.swift; sourceTree = "<group>"; };
		2B4E30972572427D0032EB25 /* Base */ = {isa = PBXFileReference; lastKnownFileType = file.storyboard; name = Base; path = Base.lproj/Main.storyboard; sourceTree = "<group>"; };
		2B4E3099257242820032EB25 /* Assets.xcassets */ = {isa = PBXFileReference; lastKnownFileType = folder.assetcatalog; path = Assets.xcassets; sourceTree = "<group>"; };
		2B4E309C257242820032EB25 /* Base */ = {isa = PBXFileReference; lastKnownFileType = file.storyboard; name = Base; path = Base.lproj/LaunchScreen.storyboard; sourceTree = "<group>"; };
		2B4E309E257242820032EB25 /* Info.plist */ = {isa = PBXFileReference; lastKnownFileType = text.plist.xml; path = Info.plist; sourceTree = "<group>"; };
/* End PBXFileReference section */

/* Begin PBXFrameworksBuildPhase section */
		2B4E308A2572427D0032EB25 /* Frameworks */ = {
			isa = PBXFrameworksBuildPhase;
			buildActionMask = 2147483647;
			files = (
				2B4E30AA257244D80032EB25 /* ReactiveSwift in Frameworks */,
			);
			runOnlyForDeploymentPostprocessing = 0;
		};
/* End PBXFrameworksBuildPhase section */

/* Begin PBXGroup section */
		2B4A66AA2572533800569032 /* Scenes */ = {
			isa = PBXGroup;
			children = (
				2B4A66AB2572535400569032 /* Login */,
			);
			path = Scenes;
			sourceTree = "<group>";
		};
		2B4A66AB2572535400569032 /* Login */ = {
			isa = PBXGroup;
			children = (
				2B4A66AD2572544200569032 /* LoginViewController.swift */,
				2B4A66B22572545600569032 /* LoginViewModel.swift */,
			);
			path = Login;
			sourceTree = "<group>";
		};
		2B4E30842572427D0032EB25 = {
			isa = PBXGroup;
			children = (
				2B4E308F2572427D0032EB25 /* ReactiveSwift-Sample */,
				2B4E308E2572427D0032EB25 /* Products */,
			);
			sourceTree = "<group>";
		};
		2B4E308E2572427D0032EB25 /* Products */ = {
			isa = PBXGroup;
			children = (
				2B4E308D2572427D0032EB25 /* ReactiveSwift-Sample.app */,
			);
			name = Products;
			sourceTree = "<group>";
		};
		2B4E308F2572427D0032EB25 /* ReactiveSwift-Sample */ = {
			isa = PBXGroup;
			children = (
				2B4E30902572427D0032EB25 /* AppDelegate.swift */,
				2B4E30922572427D0032EB25 /* SceneDelegate.swift */,
				2B4E30942572427D0032EB25 /* ViewController.swift */,
				2B4E30962572427D0032EB25 /* Main.storyboard */,
				2B4E3099257242820032EB25 /* Assets.xcassets */,
				2B4E309B257242820032EB25 /* LaunchScreen.storyboard */,
				2B4E309E257242820032EB25 /* Info.plist */,
				2B4A66AA2572533800569032 /* Scenes */,
			);
			path = "ReactiveSwift-Sample";
			sourceTree = "<group>";
		};
/* End PBXGroup section */

/* Begin PBXNativeTarget section */
		2B4E308C2572427D0032EB25 /* ReactiveSwift-Sample */ = {
			isa = PBXNativeTarget;
			buildConfigurationList = 2B4E30A1257242820032EB25 /* Build configuration list for PBXNativeTarget "ReactiveSwift-Sample" */;
			buildPhases = (
				2B4E30892572427D0032EB25 /* Sources */,
				2B4E308A2572427D0032EB25 /* Frameworks */,
				2B4E308B2572427D0032EB25 /* Resources */,
			);
			buildRules = (
			);
			dependencies = (
			);
			name = "ReactiveSwift-Sample";
			packageProductDependencies = (
				2B4E30A9257244D80032EB25 /* ReactiveSwift */,
			);
			productName = "ReactiveSwift-Sample";
			productReference = 2B4E308D2572427D0032EB25 /* ReactiveSwift-Sample.app */;
			productType = "com.apple.product-type.application";
		};
/* End PBXNativeTarget section */

/* Begin PBXProject section */
		2B4E30852572427D0032EB25 /* Project object */ = {
			isa = PBXProject;
			attributes = {
				LastSwiftUpdateCheck = 1200;
				LastUpgradeCheck = 1200;
				TargetAttributes = {
					2B4E308C2572427D0032EB25 = {
						CreatedOnToolsVersion = 12.0;
					};
				};
			};
			buildConfigurationList = 2B4E30882572427D0032EB25 /* Build configuration list for PBXProject "ReactiveSwift-Sample" */;
			compatibilityVersion = "Xcode 9.3";
			developmentRegion = en;
			hasScannedForEncodings = 0;
			knownRegions = (
				en,
				Base,
			);
			mainGroup = 2B4E30842572427D0032EB25;
			packageReferences = (
				2B4E30A8257244D80032EB25 /* XCRemoteSwiftPackageReference "ReactiveSwift" */,
			);
			productRefGroup = 2B4E308E2572427D0032EB25 /* Products */;
			projectDirPath = "";
			projectRoot = "";
			targets = (
				2B4E308C2572427D0032EB25 /* ReactiveSwift-Sample */,
			);
		};
/* End PBXProject section */

/* Begin PBXResourcesBuildPhase section */
		2B4E308B2572427D0032EB25 /* Resources */ = {
			isa = PBXResourcesBuildPhase;
			buildActionMask = 2147483647;
			files = (
				2B4E309D257242820032EB25 /* LaunchScreen.storyboard in Resources */,
				2B4E309A257242820032EB25 /* Assets.xcassets in Resources */,
				2B4E30982572427D0032EB25 /* Main.storyboard in Resources */,
			);
			runOnlyForDeploymentPostprocessing = 0;
		};
/* End PBXResourcesBuildPhase section */

/* Begin PBXSourcesBuildPhase section */
		2B4E30892572427D0032EB25 /* Sources */ = {
			isa = PBXSourcesBuildPhase;
			buildActionMask = 2147483647;
			files = (
				2B4A66AE2572544200569032 /* LoginViewController.swift in Sources */,
				2B4E30952572427D0032EB25 /* ViewController.swift in Sources */,
				2B4E30912572427D0032EB25 /* AppDelegate.swift in Sources */,
				2B4A66B32572545600569032 /* LoginViewModel.swift in Sources */,
				2B4E30932572427D0032EB25 /* SceneDelegate.swift in Sources */,
			);
			runOnlyForDeploymentPostprocessing = 0;
		};
/* End PBXSourcesBuildPhase section */

/* Begin PBXVariantGroup section */
		2B4E30962572427D0032EB25 /* Main.storyboard */ = {
			isa = PBXVariantGroup;
			children = (
				2B4E30972572427D0032EB25 /* Base */,
			);
			name = Main.storyboard;
			sourceTree = "<group>";
		};
		2B4E309B257242820032EB25 /* LaunchScreen.storyboard */ = {
			isa = PBXVariantGroup;
			children = (
				2B4E309C257242820032EB25 /* Base */,
			);
			name = LaunchScreen.storyboard;
			sourceTree = "<group>";
		};
/* End PBXVariantGroup section */

/* Begin XCBuildConfiguration section */
		2B4E309F257242820032EB25 /* Debug */ = {
			isa = XCBuildConfiguration;
			buildSettings = {
				ALWAYS_SEARCH_USER_PATHS = NO;
				CLANG_ANALYZER_NONNULL = YES;
				CLANG_ANALYZER_NUMBER_OBJECT_CONVERSION = YES_AGGRESSIVE;
				CLANG_CXX_LANGUAGE_STANDARD = "gnu++14";
				CLANG_CXX_LIBRARY = "libc++";
				CLANG_ENABLE_MODULES = YES;
				CLANG_ENABLE_OBJC_ARC = YES;
				CLANG_ENABLE_OBJC_WEAK = YES;
				CLANG_WARN_BLOCK_CAPTURE_AUTORELEASING = YES;
				CLANG_WARN_BOOL_CONVERSION = YES;
				CLANG_WARN_COMMA = YES;
				CLANG_WARN_CONSTANT_CONVERSION = YES;
				CLANG_WARN_DEPRECATED_OBJC_IMPLEMENTATIONS = YES;
				CLANG_WARN_DIRECT_OBJC_ISA_USAGE = YES_ERROR;
				CLANG_WARN_DOCUMENTATION_COMMENTS = YES;
				CLANG_WARN_EMPTY_BODY = YES;
				CLANG_WARN_ENUM_CONVERSION = YES;
				CLANG_WARN_INFINITE_RECURSION = YES;
				CLANG_WARN_INT_CONVERSION = YES;
				CLANG_WARN_NON_LITERAL_NULL_CONVERSION = YES;
				CLANG_WARN_OBJC_IMPLICIT_RETAIN_SELF = YES;
				CLANG_WARN_OBJC_LITERAL_CONVERSION = YES;
				CLANG_WARN_OBJC_ROOT_CLASS = YES_ERROR;
				CLANG_WARN_QUOTED_INCLUDE_IN_FRAMEWORK_HEADER = YES;
				CLANG_WARN_RANGE_LOOP_ANALYSIS = YES;
				CLANG_WARN_STRICT_PROTOTYPES = YES;
				CLANG_WARN_SUSPICIOUS_MOVE = YES;
				CLANG_WARN_UNGUARDED_AVAILABILITY = YES_AGGRESSIVE;
				CLANG_WARN_UNREACHABLE_CODE = YES;
				CLANG_WARN__DUPLICATE_METHOD_MATCH = YES;
				COPY_PHASE_STRIP = NO;
				DEBUG_INFORMATION_FORMAT = dwarf;
				ENABLE_STRICT_OBJC_MSGSEND = YES;
				ENABLE_TESTABILITY = YES;
				GCC_C_LANGUAGE_STANDARD = gnu11;
				GCC_DYNAMIC_NO_PIC = NO;
				GCC_NO_COMMON_BLOCKS = YES;
				GCC_OPTIMIZATION_LEVEL = 0;
				GCC_PREPROCESSOR_DEFINITIONS = (
					"DEBUG=1",
					"$(inherited)",
				);
				GCC_WARN_64_TO_32_BIT_CONVERSION = YES;
				GCC_WARN_ABOUT_RETURN_TYPE = YES_ERROR;
				GCC_WARN_UNDECLARED_SELECTOR = YES;
				GCC_WARN_UNINITIALIZED_AUTOS = YES_AGGRESSIVE;
				GCC_WARN_UNUSED_FUNCTION = YES;
				GCC_WARN_UNUSED_VARIABLE = YES;
				IPHONEOS_DEPLOYMENT_TARGET = 14.0;
				MTL_ENABLE_DEBUG_INFO = INCLUDE_SOURCE;
				MTL_FAST_MATH = YES;
				ONLY_ACTIVE_ARCH = YES;
				SDKROOT = iphoneos;
				SWIFT_ACTIVE_COMPILATION_CONDITIONS = DEBUG;
				SWIFT_OPTIMIZATION_LEVEL = "-Onone";
			};
			name = Debug;
		};
		2B4E30A0257242820032EB25 /* Release */ = {
			isa = XCBuildConfiguration;
			buildSettings = {
				ALWAYS_SEARCH_USER_PATHS = NO;
				CLANG_ANALYZER_NONNULL = YES;
				CLANG_ANALYZER_NUMBER_OBJECT_CONVERSION = YES_AGGRESSIVE;
				CLANG_CXX_LANGUAGE_STANDARD = "gnu++14";
				CLANG_CXX_LIBRARY = "libc++";
				CLANG_ENABLE_MODULES = YES;
				CLANG_ENABLE_OBJC_ARC = YES;
				CLANG_ENABLE_OBJC_WEAK = YES;
				CLANG_WARN_BLOCK_CAPTURE_AUTORELEASING = YES;
				CLANG_WARN_BOOL_CONVERSION = YES;
				CLANG_WARN_COMMA = YES;
				CLANG_WARN_CONSTANT_CONVERSION = YES;
				CLANG_WARN_DEPRECATED_OBJC_IMPLEMENTATIONS = YES;
				CLANG_WARN_DIRECT_OBJC_ISA_USAGE = YES_ERROR;
				CLANG_WARN_DOCUMENTATION_COMMENTS = YES;
				CLANG_WARN_EMPTY_BODY = YES;
				CLANG_WARN_ENUM_CONVERSION = YES;
				CLANG_WARN_INFINITE_RECURSION = YES;
				CLANG_WARN_INT_CONVERSION = YES;
				CLANG_WARN_NON_LITERAL_NULL_CONVERSION = YES;
				CLANG_WARN_OBJC_IMPLICIT_RETAIN_SELF = YES;
				CLANG_WARN_OBJC_LITERAL_CONVERSION = YES;
				CLANG_WARN_OBJC_ROOT_CLASS = YES_ERROR;
				CLANG_WARN_QUOTED_INCLUDE_IN_FRAMEWORK_HEADER = YES;
				CLANG_WARN_RANGE_LOOP_ANALYSIS = YES;
				CLANG_WARN_STRICT_PROTOTYPES = YES;
				CLANG_WARN_SUSPICIOUS_MOVE = YES;
				CLANG_WARN_UNGUARDED_AVAILABILITY = YES_AGGRESSIVE;
				CLANG_WARN_UNREACHABLE_CODE = YES;
				CLANG_WARN__DUPLICATE_METHOD_MATCH = YES;
				COPY_PHASE_STRIP = NO;
				DEBUG_INFORMATION_FORMAT = "dwarf-with-dsym";
				ENABLE_NS_ASSERTIONS = NO;
				ENABLE_STRICT_OBJC_MSGSEND = YES;
				GCC_C_LANGUAGE_STANDARD = gnu11;
				GCC_NO_COMMON_BLOCKS = YES;
				GCC_WARN_64_TO_32_BIT_CONVERSION = YES;
				GCC_WARN_ABOUT_RETURN_TYPE = YES_ERROR;
				GCC_WARN_UNDECLARED_SELECTOR = YES;
				GCC_WARN_UNINITIALIZED_AUTOS = YES_AGGRESSIVE;
				GCC_WARN_UNUSED_FUNCTION = YES;
				GCC_WARN_UNUSED_VARIABLE = YES;
				IPHONEOS_DEPLOYMENT_TARGET = 14.0;
				MTL_ENABLE_DEBUG_INFO = NO;
				MTL_FAST_MATH = YES;
				SDKROOT = iphoneos;
				SWIFT_COMPILATION_MODE = wholemodule;
				SWIFT_OPTIMIZATION_LEVEL = "-O";
				VALIDATE_PRODUCT = YES;
			};
			name = Release;
		};
		2B4E30A2257242820032EB25 /* Debug */ = {
			isa = XCBuildConfiguration;
			buildSettings = {
				ASSETCATALOG_COMPILER_APPICON_NAME = AppIcon;
				ASSETCATALOG_COMPILER_GLOBAL_ACCENT_COLOR_NAME = AccentColor;
				CODE_SIGN_STYLE = Automatic;
				DEVELOPMENT_TEAM = 56787CM63P;
				INFOPLIST_FILE = "ReactiveSwift-Sample/Info.plist";
				IPHONEOS_DEPLOYMENT_TARGET = 14.0;
				LD_RUNPATH_SEARCH_PATHS = (
					"$(inherited)",
					"@executable_path/Frameworks",
				);
				PRODUCT_BUNDLE_IDENTIFIER = "tosh7.ReactiveSwift-Sample";
				PRODUCT_NAME = "$(TARGET_NAME)";
				SWIFT_VERSION = 5.0;
				TARGETED_DEVICE_FAMILY = 1;
			};
			name = Debug;
		};
		2B4E30A3257242820032EB25 /* Release */ = {
			isa = XCBuildConfiguration;
			buildSettings = {
				ASSETCATALOG_COMPILER_APPICON_NAME = AppIcon;
				ASSETCATALOG_COMPILER_GLOBAL_ACCENT_COLOR_NAME = AccentColor;
				CODE_SIGN_STYLE = Automatic;
				DEVELOPMENT_TEAM = 56787CM63P;
				INFOPLIST_FILE = "ReactiveSwift-Sample/Info.plist";
				IPHONEOS_DEPLOYMENT_TARGET = 14.0;
				LD_RUNPATH_SEARCH_PATHS = (
					"$(inherited)",
					"@executable_path/Frameworks",
				);
				PRODUCT_BUNDLE_IDENTIFIER = "tosh7.ReactiveSwift-Sample";
				PRODUCT_NAME = "$(TARGET_NAME)";
				SWIFT_VERSION = 5.0;
				TARGETED_DEVICE_FAMILY = 1;
			};
			name = Release;
		};
/* End XCBuildConfiguration section */

/* Begin XCConfigurationList section */
		2B4E30882572427D0032EB25 /* Build configuration list for PBXProject "ReactiveSwift-Sample" */ = {
			isa = XCConfigurationList;
			buildConfigurations = (
				2B4E309F257242820032EB25 /* Debug */,
				2B4E30A0257242820032EB25 /* Release */,
			);
			defaultConfigurationIsVisible = 0;
			defaultConfigurationName = Release;
		};
		2B4E30A1257242820032EB25 /* Build configuration list for PBXNativeTarget "ReactiveSwift-Sample" */ = {
			isa = XCConfigurationList;
			buildConfigurations = (
				2B4E30A2257242820032EB25 /* Debug */,
				2B4E30A3257242820032EB25 /* Release */,
			);
			defaultConfigurationIsVisible = 0;
			defaultConfigurationName = Release;
		};
/* End XCConfigurationList section */

/* Begin XCRemoteSwiftPackageReference section */
		2B4E30A8257244D80032EB25 /* XCRemoteSwiftPackageReference "ReactiveSwift" */ = {
			isa = XCRemoteSwiftPackageReference;
			repositoryURL = "https://github.com/ReactiveCocoa/ReactiveSwift";
			requirement = {
				kind = upToNextMajorVersion;
				minimumVersion = 6.5.0;
			};
		};
/* End XCRemoteSwiftPackageReference section */

/* Begin XCSwiftPackageProductDependency section */
		2B4E30A9257244D80032EB25 /* ReactiveSwift */ = {
			isa = XCSwiftPackageProductDependency;
			package = 2B4E30A8257244D80032EB25 /* XCRemoteSwiftPackageReference "ReactiveSwift" */;
			productName = ReactiveSwift;
		};
/* End XCSwiftPackageProductDependency section */
	};
	rootObject = 2B4E30852572427D0032EB25 /* Project object */;
}
